
Microsoft Visual Studio Solution File, Format Version 12.00
# Visual Studio 2013
VisualStudioVersion = 12.0.31101.0
MinimumVisualStudioVersion = 10.0.40219.1
Project("{FAE04EC0-301F-11D3-BF4B-00C04F79EFBC}") = "TurboRango.Dominio", "TurboRango.Dominio\TurboRango.Dominio.csproj", "{EF926A69-D74E-4117-9695-5D743A773ED6}"
EndProject
Project("{FAE04EC0-301F-11D3-BF4B-00C04F79EFBC}") = "TurboRango.ImportadorXML", "TurboRango.ImportadorXML\TurboRango.ImportadorXML.csproj", "{8328FC1A-D51D-41F0-9019-94C69BDE4325}"
EndProject
Project("{FAE04EC0-301F-11D3-BF4B-00C04F79EFBC}") = "TurboRango.Web", "TurboRango.Web\TurboRango.Web.csproj", "{0C677196-019D-4E87-97DF-F60FE598162D}"
EndProject
Global
	GlobalSection(SolutionConfigurationPlatforms) = preSolution
		Debug|Any CPU = Debug|Any CPU
		Release|Any CPU = Release|Any CPU
	EndGlobalSection
	GlobalSection(ProjectConfigurationPlatforms) = postSolution
		{EF926A69-D74E-4117-9695-5D743A773ED6}.Debug|Any CPU.ActiveCfg = Debug|Any CPU
		{EF926A69-D74E-4117-9695-5D743A773ED6}.Debug|Any CPU.Build.0 = Debug|Any CPU
		{EF926A69-D74E-4117-9695-5D743A773ED6}.Release|Any CPU.ActiveCfg = Release|Any CPU
		{EF926A69-D74E-4117-9695-5D743A773ED6}.Release|Any CPU.Build.0 = Release|Any CPU
		{8328FC1A-D51D-41F0-9019-94C69BDE4325}.Debug|Any CPU.ActiveCfg = Debug|Any CPU
		{8328FC1A-D51D-41F0-9019-94C69BDE4325}.Debug|Any CPU.Build.0 = Debug|Any CPU
		{8328FC1A-D51D-41F0-9019-94C69BDE4325}.Release|Any CPU.ActiveCfg = Release|Any CPU
		{8328FC1A-D51D-41F0-9019-94C69BDE4325}.Release|Any CPU.Build.0 = Release|Any CPU
		{0C677196-019D-4E87-97DF-F60FE598162D}.Debug|Any CPU.ActiveCfg = Debug|Any CPU
		{0C677196-019D-4E87-97DF-F60FE598162D}.Debug|Any CPU.Build.0 = Debug|Any CPU
		{0C677196-019D-4E87-97DF-F60FE598162D}.Release|Any CPU.ActiveCfg = Release|Any CPU
		{0C677196-019D-4E87-97DF-F60FE598162D}.Release|Any CPU.Build.0 = Release|Any CPU
	EndGlobalSection
	GlobalSection(SolutionProperties) = preSolution
		HideSolutionNode = FALSE
	EndGlobalSection
EndGlobal
